
Microsoft Visual Studio Solution File, Format Version 12.00
Project("{FAE04EC0-301F-11D3-BF4B-00C04F79EFBC}") = "LibraryManagementMVC", "LibraryManagementMVC\LibraryManagementMVC.csproj", "{F75B3FD1-5C1C-4EE4-9B4F-B2641246DF4E}"
EndProject
Global
	GlobalSection(SolutionConfigurationPlatforms) = preSolution
		Debug|Any CPU = Debug|Any CPU
		Release|Any CPU = Release|Any CPU
	EndGlobalSection
	GlobalSection(ProjectConfigurationPlatforms) = postSolution
		{F75B3FD1-5C1C-4EE4-9B4F-B2641246DF4E}.Debug|Any CPU.ActiveCfg = Debug|Any CPU
		{F75B3FD1-5C1C-4EE4-9B4F-B2641246DF4E}.Debug|Any CPU.Build.0 = Debug|Any CPU
		{F75B3FD1-5C1C-4EE4-9B4F-B2641246DF4E}.Release|Any CPU.ActiveCfg = Release|Any CPU
		{F75B3FD1-5C1C-4EE4-9B4F-B2641246DF4E}.Release|Any CPU.Build.0 = Release|Any CPU
	EndGlobalSection
EndGlobal
